// !$*UTF8*$!
{
	archiveVersion = 1;
	classes = {
	};
	objectVersion = 56;
	objects = {

/* Begin PBXBuildFile section */
		6BB373A52A9F5B560094B850 /* AppDelegate.swift in Sources */ = {isa = PBXBuildFile; fileRef = 6BB373A42A9F5B560094B850 /* AppDelegate.swift */; };
		6BB373A72A9F5B560094B850 /* SceneDelegate.swift in Sources */ = {isa = PBXBuildFile; fileRef = 6BB373A62A9F5B560094B850 /* SceneDelegate.swift */; };
		6BB373A92A9F5B560094B850 /* LoginViewController.swift in Sources */ = {isa = PBXBuildFile; fileRef = 6BB373A82A9F5B560094B850 /* LoginViewController.swift */; };
		6BB373AC2A9F5B560094B850 /* Main.storyboard in Resources */ = {isa = PBXBuildFile; fileRef = 6BB373AA2A9F5B560094B850 /* Main.storyboard */; };
		6BB373AF2A9F5B560094B850 /* Local_Registraion_MVVM.xcdatamodeld in Sources */ = {isa = PBXBuildFile; fileRef = 6BB373AD2A9F5B560094B850 /* Local_Registraion_MVVM.xcdatamodeld */; };
		6BB373B12A9F5B5A0094B850 /* Assets.xcassets in Resources */ = {isa = PBXBuildFile; fileRef = 6BB373B02A9F5B5A0094B850 /* Assets.xcassets */; };
		6BB373B42A9F5B5A0094B850 /* LaunchScreen.storyboard in Resources */ = {isa = PBXBuildFile; fileRef = 6BB373B22A9F5B5A0094B850 /* LaunchScreen.storyboard */; };
		6BB373BF2A9F5B5C0094B850 /* Local_Registraion_MVVMTests.swift in Sources */ = {isa = PBXBuildFile; fileRef = 6BB373BE2A9F5B5C0094B850 /* Local_Registraion_MVVMTests.swift */; };
		6BB373C92A9F5B5C0094B850 /* Local_Registraion_MVVMUITests.swift in Sources */ = {isa = PBXBuildFile; fileRef = 6BB373C82A9F5B5C0094B850 /* Local_Registraion_MVVMUITests.swift */; };
		6BB373CB2A9F5B5C0094B850 /* Local_Registraion_MVVMUITestsLaunchTests.swift in Sources */ = {isa = PBXBuildFile; fileRef = 6BB373CA2A9F5B5C0094B850 /* Local_Registraion_MVVMUITestsLaunchTests.swift */; };
		6BB373D92A9F64D40094B850 /* User+CoreDataClass.swift in Sources */ = {isa = PBXBuildFile; fileRef = 6BB373D72A9F64D40094B850 /* User+CoreDataClass.swift */; };
		6BB373DA2A9F64D40094B850 /* User+CoreDataProperties.swift in Sources */ = {isa = PBXBuildFile; fileRef = 6BB373D82A9F64D40094B850 /* User+CoreDataProperties.swift */; };
		6BB79E572A9FEFE300F35585 /* HomeViewConntroller.swift in Sources */ = {isa = PBXBuildFile; fileRef = 6BB79E562A9FEFE300F35585 /* HomeViewConntroller.swift */; };
		6BD1F2012A9FA5EA0030B571 /* SignUpViewController.swift in Sources */ = {isa = PBXBuildFile; fileRef = 6BD1F2002A9FA5EA0030B571 /* SignUpViewController.swift */; };
		6BD1F2032A9FB0CD0030B571 /* LoginViewModel.swift in Sources */ = {isa = PBXBuildFile; fileRef = 6BD1F2022A9FB0CD0030B571 /* LoginViewModel.swift */; };
		6BD1F2052A9FB0FE0030B571 /* Observable.swift in Sources */ = {isa = PBXBuildFile; fileRef = 6BD1F2042A9FB0FE0030B571 /* Observable.swift */; };
		6BD1F2082A9FB8760030B571 /* String+Extension.swift in Sources */ = {isa = PBXBuildFile; fileRef = 6BD1F2072A9FB8760030B571 /* String+Extension.swift */; };
		6BD1F20A2A9FB9D20030B571 /* SignUpViewModel.swift in Sources */ = {isa = PBXBuildFile; fileRef = 6BD1F2092A9FB9D20030B571 /* SignUpViewModel.swift */; };
		6BD1F20C2A9FBD560030B571 /* CoreDataManager.swift in Sources */ = {isa = PBXBuildFile; fileRef = 6BD1F20B2A9FBD560030B571 /* CoreDataManager.swift */; };
		6BD1F20E2A9FC38A0030B571 /* LoginService.swift in Sources */ = {isa = PBXBuildFile; fileRef = 6BD1F20D2A9FC38A0030B571 /* LoginService.swift */; };
		6BD1F2102A9FC45B0030B571 /* CustomError.swift in Sources */ = {isa = PBXBuildFile; fileRef = 6BD1F20F2A9FC45B0030B571 /* CustomError.swift */; };
		6BD1F2122A9FC4F90030B571 /* SignUpService.swift in Sources */ = {isa = PBXBuildFile; fileRef = 6BD1F2112A9FC4F90030B571 /* SignUpService.swift */; };
		6BD1F2142A9FD7CB0030B571 /* UIViewController+Extension.swift in Sources */ = {isa = PBXBuildFile; fileRef = 6BD1F2132A9FD7CB0030B571 /* UIViewController+Extension.swift */; };
/* End PBXBuildFile section */

/* Begin PBXContainerItemProxy section */
		6BB373BB2A9F5B5C0094B850 /* PBXContainerItemProxy */ = {
			isa = PBXContainerItemProxy;
			containerPortal = 6BB373992A9F5B560094B850 /* Project object */;
			proxyType = 1;
			remoteGlobalIDString = 6BB373A02A9F5B560094B850;
			remoteInfo = "Local Registraion MVVM";
		};
		6BB373C52A9F5B5C0094B850 /* PBXContainerItemProxy */ = {
			isa = PBXContainerItemProxy;
			containerPortal = 6BB373992A9F5B560094B850 /* Project object */;
			proxyType = 1;
			remoteGlobalIDString = 6BB373A02A9F5B560094B850;
			remoteInfo = "Local Registraion MVVM";
		};
/* End PBXContainerItemProxy section */

/* Begin PBXFileReference section */
		6B272A632A9FE48C008940F4 /* Local Registraion MVVM.entitlements */ = {isa = PBXFileReference; lastKnownFileType = text.plist.entitlements; path = "Local Registraion MVVM.entitlements"; sourceTree = "<group>"; };
		6BB373A12A9F5B560094B850 /* Local Registraion MVVM.app */ = {isa = PBXFileReference; explicitFileType = wrapper.application; includeInIndex = 0; path = "Local Registraion MVVM.app"; sourceTree = BUILT_PRODUCTS_DIR; };
		6BB373A42A9F5B560094B850 /* AppDelegate.swift */ = {isa = PBXFileReference; lastKnownFileType = sourcecode.swift; path = AppDelegate.swift; sourceTree = "<group>"; };
		6BB373A62A9F5B560094B850 /* SceneDelegate.swift */ = {isa = PBXFileReference; lastKnownFileType = sourcecode.swift; path = SceneDelegate.swift; sourceTree = "<group>"; };
		6BB373A82A9F5B560094B850 /* LoginViewController.swift */ = {isa = PBXFileReference; lastKnownFileType = sourcecode.swift; path = LoginViewController.swift; sourceTree = "<group>"; };
		6BB373AB2A9F5B560094B850 /* Base */ = {isa = PBXFileReference; lastKnownFileType = file.storyboard; name = Base; path = Base.lproj/Main.storyboard; sourceTree = "<group>"; };
		6BB373AE2A9F5B560094B850 /* Local_Registraion_MVVM.xcdatamodel */ = {isa = PBXFileReference; lastKnownFileType = wrapper.xcdatamodel; path = Local_Registraion_MVVM.xcdatamodel; sourceTree = "<group>"; };
		6BB373B02A9F5B5A0094B850 /* Assets.xcassets */ = {isa = PBXFileReference; lastKnownFileType = folder.assetcatalog; path = Assets.xcassets; sourceTree = "<group>"; };
		6BB373B32A9F5B5A0094B850 /* Base */ = {isa = PBXFileReference; lastKnownFileType = file.storyboard; name = Base; path = Base.lproj/LaunchScreen.storyboard; sourceTree = "<group>"; };
		6BB373B52A9F5B5A0094B850 /* Info.plist */ = {isa = PBXFileReference; lastKnownFileType = text.plist.xml; path = Info.plist; sourceTree = "<group>"; };
		6BB373BA2A9F5B5C0094B850 /* Local Registraion MVVMTests.xctest */ = {isa = PBXFileReference; explicitFileType = wrapper.cfbundle; includeInIndex = 0; path = "Local Registraion MVVMTests.xctest"; sourceTree = BUILT_PRODUCTS_DIR; };
		6BB373BE2A9F5B5C0094B850 /* Local_Registraion_MVVMTests.swift */ = {isa = PBXFileReference; lastKnownFileType = sourcecode.swift; path = Local_Registraion_MVVMTests.swift; sourceTree = "<group>"; };
		6BB373C42A9F5B5C0094B850 /* Local Registraion MVVMUITests.xctest */ = {isa = PBXFileReference; explicitFileType = wrapper.cfbundle; includeInIndex = 0; path = "Local Registraion MVVMUITests.xctest"; sourceTree = BUILT_PRODUCTS_DIR; };
		6BB373C82A9F5B5C0094B850 /* Local_Registraion_MVVMUITests.swift */ = {isa = PBXFileReference; lastKnownFileType = sourcecode.swift; path = Local_Registraion_MVVMUITests.swift; sourceTree = "<group>"; };
		6BB373CA2A9F5B5C0094B850 /* Local_Registraion_MVVMUITestsLaunchTests.swift */ = {isa = PBXFileReference; lastKnownFileType = sourcecode.swift; path = Local_Registraion_MVVMUITestsLaunchTests.swift; sourceTree = "<group>"; };
		6BB373D72A9F64D40094B850 /* User+CoreDataClass.swift */ = {isa = PBXFileReference; lastKnownFileType = sourcecode.swift; path = "User+CoreDataClass.swift"; sourceTree = "<group>"; };
		6BB373D82A9F64D40094B850 /* User+CoreDataProperties.swift */ = {isa = PBXFileReference; lastKnownFileType = sourcecode.swift; path = "User+CoreDataProperties.swift"; sourceTree = "<group>"; };
		6BB79E562A9FEFE300F35585 /* HomeViewConntroller.swift */ = {isa = PBXFileReference; lastKnownFileType = sourcecode.swift; path = HomeViewConntroller.swift; sourceTree = "<group>"; };
		6BD1F2002A9FA5EA0030B571 /* SignUpViewController.swift */ = {isa = PBXFileReference; lastKnownFileType = sourcecode.swift; path = SignUpViewController.swift; sourceTree = "<group>"; };
		6BD1F2022A9FB0CD0030B571 /* LoginViewModel.swift */ = {isa = PBXFileReference; lastKnownFileType = sourcecode.swift; path = LoginViewModel.swift; sourceTree = "<group>"; };
		6BD1F2042A9FB0FE0030B571 /* Observable.swift */ = {isa = PBXFileReference; lastKnownFileType = sourcecode.swift; path = Observable.swift; sourceTree = "<group>"; };
		6BD1F2072A9FB8760030B571 /* String+Extension.swift */ = {isa = PBXFileReference; lastKnownFileType = sourcecode.swift; path = "String+Extension.swift"; sourceTree = "<group>"; };
		6BD1F2092A9FB9D20030B571 /* SignUpViewModel.swift */ = {isa = PBXFileReference; lastKnownFileType = sourcecode.swift; path = SignUpViewModel.swift; sourceTree = "<group>"; };
		6BD1F20B2A9FBD560030B571 /* CoreDataManager.swift */ = {isa = PBXFileReference; lastKnownFileType = sourcecode.swift; path = CoreDataManager.swift; sourceTree = "<group>"; };
		6BD1F20D2A9FC38A0030B571 /* LoginService.swift */ = {isa = PBXFileReference; lastKnownFileType = sourcecode.swift; path = LoginService.swift; sourceTree = "<group>"; };
		6BD1F20F2A9FC45B0030B571 /* CustomError.swift */ = {isa = PBXFileReference; lastKnownFileType = sourcecode.swift; path = CustomError.swift; sourceTree = "<group>"; };
		6BD1F2112A9FC4F90030B571 /* SignUpService.swift */ = {isa = PBXFileReference; lastKnownFileType = sourcecode.swift; path = SignUpService.swift; sourceTree = "<group>"; };
		6BD1F2132A9FD7CB0030B571 /* UIViewController+Extension.swift */ = {isa = PBXFileReference; lastKnownFileType = sourcecode.swift; path = "UIViewController+Extension.swift"; sourceTree = "<group>"; };
/* End PBXFileReference section */

/* Begin PBXFrameworksBuildPhase section */
		6BB3739E2A9F5B560094B850 /* Frameworks */ = {
			isa = PBXFrameworksBuildPhase;
			buildActionMask = 2147483647;
			files = (
			);
			runOnlyForDeploymentPostprocessing = 0;
		};
		6BB373B72A9F5B5C0094B850 /* Frameworks */ = {
			isa = PBXFrameworksBuildPhase;
			buildActionMask = 2147483647;
			files = (
			);
			runOnlyForDeploymentPostprocessing = 0;
		};
		6BB373C12A9F5B5C0094B850 /* Frameworks */ = {
			isa = PBXFrameworksBuildPhase;
			buildActionMask = 2147483647;
			files = (
			);
			runOnlyForDeploymentPostprocessing = 0;
		};
/* End PBXFrameworksBuildPhase section */

/* Begin PBXGroup section */
		6BB373982A9F5B560094B850 = {
			isa = PBXGroup;
			children = (
				6BB373A32A9F5B560094B850 /* Local Registraion MVVM */,
				6BB373BD2A9F5B5C0094B850 /* Local Registraion MVVMTests */,
				6BB373C72A9F5B5C0094B850 /* Local Registraion MVVMUITests */,
				6BB373A22A9F5B560094B850 /* Products */,
			);
			sourceTree = "<group>";
		};
		6BB373A22A9F5B560094B850 /* Products */ = {
			isa = PBXGroup;
			children = (
				6BB373A12A9F5B560094B850 /* Local Registraion MVVM.app */,
				6BB373BA2A9F5B5C0094B850 /* Local Registraion MVVMTests.xctest */,
				6BB373C42A9F5B5C0094B850 /* Local Registraion MVVMUITests.xctest */,
			);
			name = Products;
			sourceTree = "<group>";
		};
		6BB373A32A9F5B560094B850 /* Local Registraion MVVM */ = {
			isa = PBXGroup;
			children = (
				6B272A632A9FE48C008940F4 /* Local Registraion MVVM.entitlements */,
				6BB373DB2A9F66610094B850 /* Model */,
				6BB373A42A9F5B560094B850 /* AppDelegate.swift */,
				6BB373A62A9F5B560094B850 /* SceneDelegate.swift */,
				6BB79E582A9FF00100F35585 /* Home */,
				6BB79E552A9FEEB000F35585 /* Login */,
				6BB79E542A9FEE9500F35585 /* Sign Up */,
				6BD1F2062A9FB1070030B571 /* Helper  */,
				6BB373AA2A9F5B560094B850 /* Main.storyboard */,
				6BB373B02A9F5B5A0094B850 /* Assets.xcassets */,
				6BB373B22A9F5B5A0094B850 /* LaunchScreen.storyboard */,
				6BB373B52A9F5B5A0094B850 /* Info.plist */,
				6BB373AD2A9F5B560094B850 /* Local_Registraion_MVVM.xcdatamodeld */,
			);
			path = "Local Registraion MVVM";
			sourceTree = "<group>";
		};
		6BB373BD2A9F5B5C0094B850 /* Local Registraion MVVMTests */ = {
			isa = PBXGroup;
			children = (
				6BB373BE2A9F5B5C0094B850 /* Local_Registraion_MVVMTests.swift */,
			);
			path = "Local Registraion MVVMTests";
			sourceTree = "<group>";
		};
		6BB373C72A9F5B5C0094B850 /* Local Registraion MVVMUITests */ = {
			isa = PBXGroup;
			children = (
				6BB373C82A9F5B5C0094B850 /* Local_Registraion_MVVMUITests.swift */,
				6BB373CA2A9F5B5C0094B850 /* Local_Registraion_MVVMUITestsLaunchTests.swift */,
			);
			path = "Local Registraion MVVMUITests";
			sourceTree = "<group>";
		};
		6BB373DB2A9F66610094B850 /* Model */ = {
			isa = PBXGroup;
			children = (
				6BB373D72A9F64D40094B850 /* User+CoreDataClass.swift */,
				6BB373D82A9F64D40094B850 /* User+CoreDataProperties.swift */,
			);
			path = Model;
			sourceTree = "<group>";
		};
		6BB79E542A9FEE9500F35585 /* Sign Up */ = {
			isa = PBXGroup;
			children = (
				6BD1F2002A9FA5EA0030B571 /* SignUpViewController.swift */,
				6BD1F2092A9FB9D20030B571 /* SignUpViewModel.swift */,
				6BD1F2112A9FC4F90030B571 /* SignUpService.swift */,
			);
			path = "Sign Up";
			sourceTree = "<group>";
		};
		6BB79E552A9FEEB000F35585 /* Login */ = {
			isa = PBXGroup;
			children = (
				6BB373A82A9F5B560094B850 /* LoginViewController.swift */,
				6BD1F2022A9FB0CD0030B571 /* LoginViewModel.swift */,
				6BD1F20D2A9FC38A0030B571 /* LoginService.swift */,
			);
			path = Login;
			sourceTree = "<group>";
		};
		6BB79E582A9FF00100F35585 /* Home */ = {
			isa = PBXGroup;
			children = (
				6BB79E562A9FEFE300F35585 /* HomeViewConntroller.swift */,
			);
			path = Home;
			sourceTree = "<group>";
		};
		6BD1F2062A9FB1070030B571 /* Helper  */ = {
			isa = PBXGroup;
			children = (
				6BD1F2042A9FB0FE0030B571 /* Observable.swift */,
				6BD1F2072A9FB8760030B571 /* String+Extension.swift */,
				6BD1F2132A9FD7CB0030B571 /* UIViewController+Extension.swift */,
				6BD1F20B2A9FBD560030B571 /* CoreDataManager.swift */,
				6BD1F20F2A9FC45B0030B571 /* CustomError.swift */,
			);
			path = "Helper ";
			sourceTree = "<group>";
		};
/* End PBXGroup section */

/* Begin PBXNativeTarget section */
		6BB373A02A9F5B560094B850 /* Local Registraion MVVM */ = {
			isa = PBXNativeTarget;
			buildConfigurationList = 6BB373CE2A9F5B5C0094B850 /* Build configuration list for PBXNativeTarget "Local Registraion MVVM" */;
			buildPhases = (
				6BB3739D2A9F5B560094B850 /* Sources */,
				6BB3739E2A9F5B560094B850 /* Frameworks */,
				6BB3739F2A9F5B560094B850 /* Resources */,
			);
			buildRules = (
			);
			dependencies = (
			);
			name = "Local Registraion MVVM";
			productName = "Local Registraion MVVM";
			productReference = 6BB373A12A9F5B560094B850 /* Local Registraion MVVM.app */;
			productType = "com.apple.product-type.application";
		};
		6BB373B92A9F5B5C0094B850 /* Local Registraion MVVMTests */ = {
			isa = PBXNativeTarget;
			buildConfigurationList = 6BB373D12A9F5B5C0094B850 /* Build configuration list for PBXNativeTarget "Local Registraion MVVMTests" */;
			buildPhases = (
				6BB373B62A9F5B5C0094B850 /* Sources */,
				6BB373B72A9F5B5C0094B850 /* Frameworks */,
				6BB373B82A9F5B5C0094B850 /* Resources */,
			);
			buildRules = (
			);
			dependencies = (
				6BB373BC2A9F5B5C0094B850 /* PBXTargetDependency */,
			);
			name = "Local Registraion MVVMTests";
			productName = "Local Registraion MVVMTests";
			productReference = 6BB373BA2A9F5B5C0094B850 /* Local Registraion MVVMTests.xctest */;
			productType = "com.apple.product-type.bundle.unit-test";
		};
		6BB373C32A9F5B5C0094B850 /* Local Registraion MVVMUITests */ = {
			isa = PBXNativeTarget;
			buildConfigurationList = 6BB373D42A9F5B5C0094B850 /* Build configuration list for PBXNativeTarget "Local Registraion MVVMUITests" */;
			buildPhases = (
				6BB373C02A9F5B5C0094B850 /* Sources */,
				6BB373C12A9F5B5C0094B850 /* Frameworks */,
				6BB373C22A9F5B5C0094B850 /* Resources */,
			);
			buildRules = (
			);
			dependencies = (
				6BB373C62A9F5B5C0094B850 /* PBXTargetDependency */,
			);
			name = "Local Registraion MVVMUITests";
			productName = "Local Registraion MVVMUITests";
			productReference = 6BB373C42A9F5B5C0094B850 /* Local Registraion MVVMUITests.xctest */;
			productType = "com.apple.product-type.bundle.ui-testing";
		};
/* End PBXNativeTarget section */

/* Begin PBXProject section */
		6BB373992A9F5B560094B850 /* Project object */ = {
			isa = PBXProject;
			attributes = {
				BuildIndependentTargetsInParallel = 1;
				LastSwiftUpdateCheck = 1430;
				LastUpgradeCheck = 1430;
				TargetAttributes = {
					6BB373A02A9F5B560094B850 = {
						CreatedOnToolsVersion = 14.3.1;
					};
					6BB373B92A9F5B5C0094B850 = {
						CreatedOnToolsVersion = 14.3.1;
						TestTargetID = 6BB373A02A9F5B560094B850;
					};
					6BB373C32A9F5B5C0094B850 = {
						CreatedOnToolsVersion = 14.3.1;
						TestTargetID = 6BB373A02A9F5B560094B850;
					};
				};
			};
			buildConfigurationList = 6BB3739C2A9F5B560094B850 /* Build configuration list for PBXProject "Local Registraion MVVM" */;
			compatibilityVersion = "Xcode 14.0";
			developmentRegion = en;
			hasScannedForEncodings = 0;
			knownRegions = (
				en,
				Base,
			);
			mainGroup = 6BB373982A9F5B560094B850;
			productRefGroup = 6BB373A22A9F5B560094B850 /* Products */;
			projectDirPath = "";
			projectRoot = "";
			targets = (
				6BB373A02A9F5B560094B850 /* Local Registraion MVVM */,
				6BB373B92A9F5B5C0094B850 /* Local Registraion MVVMTests */,
				6BB373C32A9F5B5C0094B850 /* Local Registraion MVVMUITests */,
			);
		};
/* End PBXProject section */

/* Begin PBXResourcesBuildPhase section */
		6BB3739F2A9F5B560094B850 /* Resources */ = {
			isa = PBXResourcesBuildPhase;
			buildActionMask = 2147483647;
			files = (
				6BB373B42A9F5B5A0094B850 /* LaunchScreen.storyboard in Resources */,
				6BB373B12A9F5B5A0094B850 /* Assets.xcassets in Resources */,
				6BB373AC2A9F5B560094B850 /* Main.storyboard in Resources */,
			);
			runOnlyForDeploymentPostprocessing = 0;
		};
		6BB373B82A9F5B5C0094B850 /* Resources */ = {
			isa = PBXResourcesBuildPhase;
			buildActionMask = 2147483647;
			files = (
			);
			runOnlyForDeploymentPostprocessing = 0;
		};
		6BB373C22A9F5B5C0094B850 /* Resources */ = {
			isa = PBXResourcesBuildPhase;
			buildActionMask = 2147483647;
			files = (
			);
			runOnlyForDeploymentPostprocessing = 0;
		};
/* End PBXResourcesBuildPhase section */

/* Begin PBXSourcesBuildPhase section */
		6BB3739D2A9F5B560094B850 /* Sources */ = {
			isa = PBXSourcesBuildPhase;
			buildActionMask = 2147483647;
			files = (
				6BD1F2142A9FD7CB0030B571 /* UIViewController+Extension.swift in Sources */,
				6BB373A92A9F5B560094B850 /* LoginViewController.swift in Sources */,
				6BD1F2122A9FC4F90030B571 /* SignUpService.swift in Sources */,
				6BD1F20E2A9FC38A0030B571 /* LoginService.swift in Sources */,
				6BB79E572A9FEFE300F35585 /* HomeViewConntroller.swift in Sources */,
				6BD1F2012A9FA5EA0030B571 /* SignUpViewController.swift in Sources */,
				6BB373AF2A9F5B560094B850 /* Local_Registraion_MVVM.xcdatamodeld in Sources */,
				6BB373DA2A9F64D40094B850 /* User+CoreDataProperties.swift in Sources */,
				6BD1F2032A9FB0CD0030B571 /* LoginViewModel.swift in Sources */,
				6BB373A52A9F5B560094B850 /* AppDelegate.swift in Sources */,
				6BD1F2102A9FC45B0030B571 /* CustomError.swift in Sources */,
				6BD1F20C2A9FBD560030B571 /* CoreDataManager.swift in Sources */,
				6BB373A72A9F5B560094B850 /* SceneDelegate.swift in Sources */,
				6BB373D92A9F64D40094B850 /* User+CoreDataClass.swift in Sources */,
				6BD1F2082A9FB8760030B571 /* String+Extension.swift in Sources */,
				6BD1F20A2A9FB9D20030B571 /* SignUpViewModel.swift in Sources */,
				6BD1F2052A9FB0FE0030B571 /* Observable.swift in Sources */,
			);
			runOnlyForDeploymentPostprocessing = 0;
		};
		6BB373B62A9F5B5C0094B850 /* Sources */ = {
			isa = PBXSourcesBuildPhase;
			buildActionMask = 2147483647;
			files = (
				6BB373BF2A9F5B5C0094B850 /* Local_Registraion_MVVMTests.swift in Sources */,
			);
			runOnlyForDeploymentPostprocessing = 0;
		};
		6BB373C02A9F5B5C0094B850 /* Sources */ = {
			isa = PBXSourcesBuildPhase;
			buildActionMask = 2147483647;
			files = (
				6BB373CB2A9F5B5C0094B850 /* Local_Registraion_MVVMUITestsLaunchTests.swift in Sources */,
				6BB373C92A9F5B5C0094B850 /* Local_Registraion_MVVMUITests.swift in Sources */,
			);
			runOnlyForDeploymentPostprocessing = 0;
		};
/* End PBXSourcesBuildPhase section */

/* Begin PBXTargetDependency section */
		6BB373BC2A9F5B5C0094B850 /* PBXTargetDependency */ = {
			isa = PBXTargetDependency;
			target = 6BB373A02A9F5B560094B850 /* Local Registraion MVVM */;
			targetProxy = 6BB373BB2A9F5B5C0094B850 /* PBXContainerItemProxy */;
		};
		6BB373C62A9F5B5C0094B850 /* PBXTargetDependency */ = {
			isa = PBXTargetDependency;
			target = 6BB373A02A9F5B560094B850 /* Local Registraion MVVM */;
			targetProxy = 6BB373C52A9F5B5C0094B850 /* PBXContainerItemProxy */;
		};
/* End PBXTargetDependency section */

/* Begin PBXVariantGroup section */
		6BB373AA2A9F5B560094B850 /* Main.storyboard */ = {
			isa = PBXVariantGroup;
			children = (
				6BB373AB2A9F5B560094B850 /* Base */,
			);
			name = Main.storyboard;
			sourceTree = "<group>";
		};
		6BB373B22A9F5B5A0094B850 /* LaunchScreen.storyboard */ = {
			isa = PBXVariantGroup;
			children = (
				6BB373B32A9F5B5A0094B850 /* Base */,
			);
			name = LaunchScreen.storyboard;
			sourceTree = "<group>";
		};
/* End PBXVariantGroup section */

/* Begin XCBuildConfiguration section */
		6BB373CC2A9F5B5C0094B850 /* Debug */ = {
			isa = XCBuildConfiguration;
			buildSettings = {
				ALWAYS_SEARCH_USER_PATHS = NO;
				CLANG_ANALYZER_NONNULL = YES;
				CLANG_ANALYZER_NUMBER_OBJECT_CONVERSION = YES_AGGRESSIVE;
				CLANG_CXX_LANGUAGE_STANDARD = "gnu++20";
				CLANG_ENABLE_MODULES = YES;
				CLANG_ENABLE_OBJC_ARC = YES;
				CLANG_ENABLE_OBJC_WEAK = YES;
				CLANG_WARN_BLOCK_CAPTURE_AUTORELEASING = YES;
				CLANG_WARN_BOOL_CONVERSION = YES;
				CLANG_WARN_COMMA = YES;
				CLANG_WARN_CONSTANT_CONVERSION = YES;
				CLANG_WARN_DEPRECATED_OBJC_IMPLEMENTATIONS = YES;
				CLANG_WARN_DIRECT_OBJC_ISA_USAGE = YES_ERROR;
				CLANG_WARN_DOCUMENTATION_COMMENTS = YES;
				CLANG_WARN_EMPTY_BODY = YES;
				CLANG_WARN_ENUM_CONVERSION = YES;
				CLANG_WARN_INFINITE_RECURSION = YES;
				CLANG_WARN_INT_CONVERSION = YES;
				CLANG_WARN_NON_LITERAL_NULL_CONVERSION = YES;
				CLANG_WARN_OBJC_IMPLICIT_RETAIN_SELF = YES;
				CLANG_WARN_OBJC_LITERAL_CONVERSION = YES;
				CLANG_WARN_OBJC_ROOT_CLASS = YES_ERROR;
				CLANG_WARN_QUOTED_INCLUDE_IN_FRAMEWORK_HEADER = YES;
				CLANG_WARN_RANGE_LOOP_ANALYSIS = YES;
				CLANG_WARN_STRICT_PROTOTYPES = YES;
				CLANG_WARN_SUSPICIOUS_MOVE = YES;
				CLANG_WARN_UNGUARDED_AVAILABILITY = YES_AGGRESSIVE;
				CLANG_WARN_UNREACHABLE_CODE = YES;
				CLANG_WARN__DUPLICATE_METHOD_MATCH = YES;
				COPY_PHASE_STRIP = NO;
				DEBUG_INFORMATION_FORMAT = dwarf;
				ENABLE_STRICT_OBJC_MSGSEND = YES;
				ENABLE_TESTABILITY = YES;
				GCC_C_LANGUAGE_STANDARD = gnu11;
				GCC_DYNAMIC_NO_PIC = NO;
				GCC_NO_COMMON_BLOCKS = YES;
				GCC_OPTIMIZATION_LEVEL = 0;
				GCC_PREPROCESSOR_DEFINITIONS = (
					"DEBUG=1",
					"$(inherited)",
				);
				GCC_WARN_64_TO_32_BIT_CONVERSION = YES;
				GCC_WARN_ABOUT_RETURN_TYPE = YES_ERROR;
				GCC_WARN_UNDECLARED_SELECTOR = YES;
				GCC_WARN_UNINITIALIZED_AUTOS = YES_AGGRESSIVE;
				GCC_WARN_UNUSED_FUNCTION = YES;
				GCC_WARN_UNUSED_VARIABLE = YES;
				IPHONEOS_DEPLOYMENT_TARGET = 16.4;
				MTL_ENABLE_DEBUG_INFO = INCLUDE_SOURCE;
				MTL_FAST_MATH = YES;
				ONLY_ACTIVE_ARCH = YES;
				SDKROOT = iphoneos;
				SWIFT_ACTIVE_COMPILATION_CONDITIONS = DEBUG;
				SWIFT_OPTIMIZATION_LEVEL = "-Onone";
			};
			name = Debug;
		};
		6BB373CD2A9F5B5C0094B850 /* Release */ = {
			isa = XCBuildConfiguration;
			buildSettings = {
				ALWAYS_SEARCH_USER_PATHS = NO;
				CLANG_ANALYZER_NONNULL = YES;
				CLANG_ANALYZER_NUMBER_OBJECT_CONVERSION = YES_AGGRESSIVE;
				CLANG_CXX_LANGUAGE_STANDARD = "gnu++20";
				CLANG_ENABLE_MODULES = YES;
				CLANG_ENABLE_OBJC_ARC = YES;
				CLANG_ENABLE_OBJC_WEAK = YES;
				CLANG_WARN_BLOCK_CAPTURE_AUTORELEASING = YES;
				CLANG_WARN_BOOL_CONVERSION = YES;
				CLANG_WARN_COMMA = YES;
				CLANG_WARN_CONSTANT_CONVERSION = YES;
				CLANG_WARN_DEPRECATED_OBJC_IMPLEMENTATIONS = YES;
				CLANG_WARN_DIRECT_OBJC_ISA_USAGE = YES_ERROR;
				CLANG_WARN_DOCUMENTATION_COMMENTS = YES;
				CLANG_WARN_EMPTY_BODY = YES;
				CLANG_WARN_ENUM_CONVERSION = YES;
				CLANG_WARN_INFINITE_RECURSION = YES;
				CLANG_WARN_INT_CONVERSION = YES;
				CLANG_WARN_NON_LITERAL_NULL_CONVERSION = YES;
				CLANG_WARN_OBJC_IMPLICIT_RETAIN_SELF = YES;
				CLANG_WARN_OBJC_LITERAL_CONVERSION = YES;
				CLANG_WARN_OBJC_ROOT_CLASS = YES_ERROR;
				CLANG_WARN_QUOTED_INCLUDE_IN_FRAMEWORK_HEADER = YES;
				CLANG_WARN_RANGE_LOOP_ANALYSIS = YES;
				CLANG_WARN_STRICT_PROTOTYPES = YES;
				CLANG_WARN_SUSPICIOUS_MOVE = YES;
				CLANG_WARN_UNGUARDED_AVAILABILITY = YES_AGGRESSIVE;
				CLANG_WARN_UNREACHABLE_CODE = YES;
				CLANG_WARN__DUPLICATE_METHOD_MATCH = YES;
				COPY_PHASE_STRIP = NO;
				DEBUG_INFORMATION_FORMAT = "dwarf-with-dsym";
				ENABLE_NS_ASSERTIONS = NO;
				ENABLE_STRICT_OBJC_MSGSEND = YES;
				GCC_C_LANGUAGE_STANDARD = gnu11;
				GCC_NO_COMMON_BLOCKS = YES;
				GCC_WARN_64_TO_32_BIT_CONVERSION = YES;
				GCC_WARN_ABOUT_RETURN_TYPE = YES_ERROR;
				GCC_WARN_UNDECLARED_SELECTOR = YES;
				GCC_WARN_UNINITIALIZED_AUTOS = YES_AGGRESSIVE;
				GCC_WARN_UNUSED_FUNCTION = YES;
				GCC_WARN_UNUSED_VARIABLE = YES;
				IPHONEOS_DEPLOYMENT_TARGET = 16.4;
				MTL_ENABLE_DEBUG_INFO = NO;
				MTL_FAST_MATH = YES;
				SDKROOT = iphoneos;
				SWIFT_COMPILATION_MODE = wholemodule;
				SWIFT_OPTIMIZATION_LEVEL = "-O";
				VALIDATE_PRODUCT = YES;
			};
			name = Release;
		};
		6BB373CF2A9F5B5C0094B850 /* Debug */ = {
			isa = XCBuildConfiguration;
			buildSettings = {
				ASSETCATALOG_COMPILER_APPICON_NAME = AppIcon;
				ASSETCATALOG_COMPILER_GLOBAL_ACCENT_COLOR_NAME = AccentColor;
				CODE_SIGN_ENTITLEMENTS = "Local Registraion MVVM/Local Registraion MVVM.entitlements";
				CODE_SIGN_STYLE = Automatic;
				CURRENT_PROJECT_VERSION = 1;
				DEVELOPMENT_TEAM = DJ3DSQD2BW;
				GENERATE_INFOPLIST_FILE = YES;
				INFOPLIST_FILE = "Local Registraion MVVM/Info.plist";
				INFOPLIST_KEY_CFBundleDisplayName = User;
				INFOPLIST_KEY_UIApplicationSupportsIndirectInputEvents = YES;
				INFOPLIST_KEY_UILaunchStoryboardName = LaunchScreen;
				INFOPLIST_KEY_UIMainStoryboardFile = Main;
				INFOPLIST_KEY_UISupportedInterfaceOrientations_iPad = "UIInterfaceOrientationPortrait UIInterfaceOrientationPortraitUpsideDown UIInterfaceOrientationLandscapeLeft UIInterfaceOrientationLandscapeRight";
				INFOPLIST_KEY_UISupportedInterfaceOrientations_iPhone = "UIInterfaceOrientationPortrait UIInterfaceOrientationLandscapeLeft UIInterfaceOrientationLandscapeRight";
				IPHONEOS_DEPLOYMENT_TARGET = 16.0;
				LD_RUNPATH_SEARCH_PATHS = (
					"$(inherited)",
					"@executable_path/Frameworks",
				);
				MARKETING_VERSION = 1.0;
				PRODUCT_BUNDLE_IDENTIFIER = "com.lenin.Local-Registraion-MVVM";
				PRODUCT_NAME = "$(TARGET_NAME)";
				SWIFT_EMIT_LOC_STRINGS = YES;
				SWIFT_VERSION = 5.0;
				TARGETED_DEVICE_FAMILY = "1,2";
			};
			name = Debug;
		};
		6BB373D02A9F5B5C0094B850 /* Release */ = {
			isa = XCBuildConfiguration;
			buildSettings = {
				ASSETCATALOG_COMPILER_APPICON_NAME = AppIcon;
				ASSETCATALOG_COMPILER_GLOBAL_ACCENT_COLOR_NAME = AccentColor;
				CODE_SIGN_ENTITLEMENTS = "Local Registraion MVVM/Local Registraion MVVM.entitlements";
				CODE_SIGN_STYLE = Automatic;
				CURRENT_PROJECT_VERSION = 1;
				DEVELOPMENT_TEAM = DJ3DSQD2BW;
				GENERATE_INFOPLIST_FILE = YES;
				INFOPLIST_FILE = "Local Registraion MVVM/Info.plist";
				INFOPLIST_KEY_CFBundleDisplayName = User;
				INFOPLIST_KEY_UIApplicationSupportsIndirectInputEvents = YES;
				INFOPLIST_KEY_UILaunchStoryboardName = LaunchScreen;
				INFOPLIST_KEY_UIMainStoryboardFile = Main;
				INFOPLIST_KEY_UISupportedInterfaceOrientations_iPad = "UIInterfaceOrientationPortrait UIInterfaceOrientationPortraitUpsideDown UIInterfaceOrientationLandscapeLeft UIInterfaceOrientationLandscapeRight";
				INFOPLIST_KEY_UISupportedInterfaceOrientations_iPhone = "UIInterfaceOrientationPortrait UIInterfaceOrientationLandscapeLeft UIInterfaceOrientationLandscapeRight";
				IPHONEOS_DEPLOYMENT_TARGET = 16.0;
				LD_RUNPATH_SEARCH_PATHS = (
					"$(inherited)",
					"@executable_path/Frameworks",
				);
				MARKETING_VERSION = 1.0;
				PRODUCT_BUNDLE_IDENTIFIER = "com.lenin.Local-Registraion-MVVM";
				PRODUCT_NAME = "$(TARGET_NAME)";
				SWIFT_EMIT_LOC_STRINGS = YES;
				SWIFT_VERSION = 5.0;
				TARGETED_DEVICE_FAMILY = "1,2";
			};
			name = Release;
		};
		6BB373D22A9F5B5C0094B850 /* Debug */ = {
			isa = XCBuildConfiguration;
			buildSettings = {
				ALWAYS_EMBED_SWIFT_STANDARD_LIBRARIES = YES;
				BUNDLE_LOADER = "$(TEST_HOST)";
				CODE_SIGN_STYLE = Automatic;
				CURRENT_PROJECT_VERSION = 1;
				DEVELOPMENT_TEAM = 8978ZGP9U7;
				GENERATE_INFOPLIST_FILE = YES;
				IPHONEOS_DEPLOYMENT_TARGET = 16.4;
				MARKETING_VERSION = 1.0;
				PRODUCT_BUNDLE_IDENTIFIER = "com.lenin.Local-Registraion-MVVMTests";
				PRODUCT_NAME = "$(TARGET_NAME)";
				SWIFT_EMIT_LOC_STRINGS = NO;
				SWIFT_VERSION = 5.0;
				TARGETED_DEVICE_FAMILY = "1,2";
				TEST_HOST = "$(BUILT_PRODUCTS_DIR)/Local Registraion MVVM.app/$(BUNDLE_EXECUTABLE_FOLDER_PATH)/Local Registraion MVVM";
			};
			name = Debug;
		};
		6BB373D32A9F5B5C0094B850 /* Release */ = {
			isa = XCBuildConfiguration;
			buildSettings = {
				ALWAYS_EMBED_SWIFT_STANDARD_LIBRARIES = YES;
				BUNDLE_LOADER = "$(TEST_HOST)";
				CODE_SIGN_STYLE = Automatic;
				CURRENT_PROJECT_VERSION = 1;
				DEVELOPMENT_TEAM = 8978ZGP9U7;
				GENERATE_INFOPLIST_FILE = YES;
				IPHONEOS_DEPLOYMENT_TARGET = 16.4;
				MARKETING_VERSION = 1.0;
				PRODUCT_BUNDLE_IDENTIFIER = "com.lenin.Local-Registraion-MVVMTests";
				PRODUCT_NAME = "$(TARGET_NAME)";
				SWIFT_EMIT_LOC_STRINGS = NO;
				SWIFT_VERSION = 5.0;
				TARGETED_DEVICE_FAMILY = "1,2";
				TEST_HOST = "$(BUILT_PRODUCTS_DIR)/Local Registraion MVVM.app/$(BUNDLE_EXECUTABLE_FOLDER_PATH)/Local Registraion MVVM";
			};
			name = Release;
		};
		6BB373D52A9F5B5C0094B850 /* Debug */ = {
			isa = XCBuildConfiguration;
			buildSettings = {
				ALWAYS_EMBED_SWIFT_STANDARD_LIBRARIES = YES;
				CODE_SIGN_STYLE = Automatic;
				CURRENT_PROJECT_VERSION = 1;
				DEVELOPMENT_TEAM = 8978ZGP9U7;
				GENERATE_INFOPLIST_FILE = YES;
				MARKETING_VERSION = 1.0;
				PRODUCT_BUNDLE_IDENTIFIER = "com.lenin.Local-Registraion-MVVMUITests";
				PRODUCT_NAME = "$(TARGET_NAME)";
				SWIFT_EMIT_LOC_STRINGS = NO;
				SWIFT_VERSION = 5.0;
				TARGETED_DEVICE_FAMILY = "1,2";
				TEST_TARGET_NAME = "Local Registraion MVVM";
			};
			name = Debug;
		};
		6BB373D62A9F5B5C0094B850 /* Release */ = {
			isa = XCBuildConfiguration;
			buildSettings = {
				ALWAYS_EMBED_SWIFT_STANDARD_LIBRARIES = YES;
				CODE_SIGN_STYLE = Automatic;
				CURRENT_PROJECT_VERSION = 1;
				DEVELOPMENT_TEAM = 8978ZGP9U7;
				GENERATE_INFOPLIST_FILE = YES;
				MARKETING_VERSION = 1.0;
				PRODUCT_BUNDLE_IDENTIFIER = "com.lenin.Local-Registraion-MVVMUITests";
				PRODUCT_NAME = "$(TARGET_NAME)";
				SWIFT_EMIT_LOC_STRINGS = NO;
				SWIFT_VERSION = 5.0;
				TARGETED_DEVICE_FAMILY = "1,2";
				TEST_TARGET_NAME = "Local Registraion MVVM";
			};
			name = Release;
		};
/* End XCBuildConfiguration section */

/* Begin XCConfigurationList section */
		6BB3739C2A9F5B560094B850 /* Build configuration list for PBXProject "Local Registraion MVVM" */ = {
			isa = XCConfigurationList;
			buildConfigurations = (
				6BB373CC2A9F5B5C0094B850 /* Debug */,
				6BB373CD2A9F5B5C0094B850 /* Release */,
			);
			defaultConfigurationIsVisible = 0;
			defaultConfigurationName = Release;
		};
		6BB373CE2A9F5B5C0094B850 /* Build configuration list for PBXNativeTarget "Local Registraion MVVM" */ = {
			isa = XCConfigurationList;
			buildConfigurations = (
				6BB373CF2A9F5B5C0094B850 /* Debug */,
				6BB373D02A9F5B5C0094B850 /* Release */,
			);
			defaultConfigurationIsVisible = 0;
			defaultConfigurationName = Release;
		};
		6BB373D12A9F5B5C0094B850 /* Build configuration list for PBXNativeTarget "Local Registraion MVVMTests" */ = {
			isa = XCConfigurationList;
			buildConfigurations = (
				6BB373D22A9F5B5C0094B850 /* Debug */,
				6BB373D32A9F5B5C0094B850 /* Release */,
			);
			defaultConfigurationIsVisible = 0;
			defaultConfigurationName = Release;
		};
		6BB373D42A9F5B5C0094B850 /* Build configuration list for PBXNativeTarget "Local Registraion MVVMUITests" */ = {
			isa = XCConfigurationList;
			buildConfigurations = (
				6BB373D52A9F5B5C0094B850 /* Debug */,
				6BB373D62A9F5B5C0094B850 /* Release */,
			);
			defaultConfigurationIsVisible = 0;
			defaultConfigurationName = Release;
		};
/* End XCConfigurationList section */

/* Begin XCVersionGroup section */
		6BB373AD2A9F5B560094B850 /* Local_Registraion_MVVM.xcdatamodeld */ = {
			isa = XCVersionGroup;
			children = (
				6BB373AE2A9F5B560094B850 /* Local_Registraion_MVVM.xcdatamodel */,
			);
			currentVersion = 6BB373AE2A9F5B560094B850 /* Local_Registraion_MVVM.xcdatamodel */;
			path = Local_Registraion_MVVM.xcdatamodeld;
			sourceTree = "<group>";
			versionGroupType = wrapper.xcdatamodel;
		};
/* End XCVersionGroup section */
	};
	rootObject = 6BB373992A9F5B560094B850 /* Project object */;
}
